
Microsoft Visual Studio Solution File, Format Version 12.00
# Visual Studio Version 17
VisualStudioVersion = 17.8.34511.84
MinimumVisualStudioVersion = 10.0.40219.1
Project("{FAE04EC0-301F-11D3-BF4B-00C04F79EFBC}") = "6 day", "6 day.csproj", "{52F81AA5-7326-4A4E-961D-951E0334552A}"
EndProject
Global
	GlobalSection(SolutionConfigurationPlatforms) = preSolution
		Debug|Any CPU = Debug|Any CPU
		Release|Any CPU = Release|Any CPU
	EndGlobalSection
	GlobalSection(ProjectConfigurationPlatforms) = postSolution
		{52F81AA5-7326-4A4E-961D-951E0334552A}.Debug|Any CPU.ActiveCfg = Debug|Any CPU
		{52F81AA5-7326-4A4E-961D-951E0334552A}.Debug|Any CPU.Build.0 = Debug|Any CPU
		{52F81AA5-7326-4A4E-961D-951E0334552A}.Release|Any CPU.ActiveCfg = Release|Any CPU
		{52F81AA5-7326-4A4E-961D-951E0334552A}.Release|Any CPU.Build.0 = Release|Any CPU
	EndGlobalSection
	GlobalSection(SolutionProperties) = preSolution
		HideSolutionNode = FALSE
	EndGlobalSection
	GlobalSection(ExtensibilityGlobals) = postSolution
		SolutionGuid = {F48FA0E6-C4EE-4FDC-BE20-9D12EB2088FC}
	EndGlobalSection
EndGlobal
